
Microsoft Visual Studio Solution File, Format Version 12.00
# Visual Studio 15
VisualStudioVersion = 15.0.27004.2005
MinimumVisualStudioVersion = 10.0.40219.1
Project("{FAE04EC0-301F-11D3-BF4B-00C04F79EFBC}") = "LeagueGram", "LeagueGram\LeagueGram.csproj", "{2F5E3652-658B-4465-ACB6-167B31B61C91}"
EndProject
Project("{FAE04EC0-301F-11D3-BF4B-00C04F79EFBC}") = "UnitTests", "UnitTestProject1\UnitTests.csproj", "{33EFE703-B878-4520-91A8-E8B4C0D8DC8E}"
EndProject
Global
	GlobalSection(SolutionConfigurationPlatforms) = preSolution
		Debug|Any CPU = Debug|Any CPU
		Release|Any CPU = Release|Any CPU
	EndGlobalSection
	GlobalSection(ProjectConfigurationPlatforms) = postSolution
		{2F5E3652-658B-4465-ACB6-167B31B61C91}.Debug|Any CPU.ActiveCfg = Debug|Any CPU
		{2F5E3652-658B-4465-ACB6-167B31B61C91}.Debug|Any CPU.Build.0 = Debug|Any CPU
		{2F5E3652-658B-4465-ACB6-167B31B61C91}.Release|Any CPU.ActiveCfg = Release|Any CPU
		{2F5E3652-658B-4465-ACB6-167B31B61C91}.Release|Any CPU.Build.0 = Release|Any CPU
		{33EFE703-B878-4520-91A8-E8B4C0D8DC8E}.Debug|Any CPU.ActiveCfg = Debug|Any CPU
		{33EFE703-B878-4520-91A8-E8B4C0D8DC8E}.Debug|Any CPU.Build.0 = Debug|Any CPU
		{33EFE703-B878-4520-91A8-E8B4C0D8DC8E}.Release|Any CPU.ActiveCfg = Release|Any CPU
		{33EFE703-B878-4520-91A8-E8B4C0D8DC8E}.Release|Any CPU.Build.0 = Release|Any CPU
	EndGlobalSection
	GlobalSection(SolutionProperties) = preSolution
		HideSolutionNode = FALSE
	EndGlobalSection
	GlobalSection(ExtensibilityGlobals) = postSolution
		SolutionGuid = {851227CF-B51F-4811-AB1E-F3C0544FB39A}
	EndGlobalSection
EndGlobal
